
Microsoft Visual Studio Solution File, Format Version 12.00
# Visual Studio Version 16
VisualStudioVersion = 16.0.28803.452
MinimumVisualStudioVersion = 10.0.40219.1
Project("{FAE04EC0-301F-11D3-BF4B-00C04F79EFBC}") = "VirtualOverride", "VirtualOverride\VirtualOverride.csproj", "{0345A319-3087-4199-959E-F1744EF32A6A}"
EndProject
Global
	GlobalSection(SolutionConfigurationPlatforms) = preSolution
		Debug|Any CPU = Debug|Any CPU
		Release|Any CPU = Release|Any CPU
	EndGlobalSection
	GlobalSection(ProjectConfigurationPlatforms) = postSolution
		{0345A319-3087-4199-959E-F1744EF32A6A}.Debug|Any CPU.ActiveCfg = Debug|Any CPU
		{0345A319-3087-4199-959E-F1744EF32A6A}.Debug|Any CPU.Build.0 = Debug|Any CPU
		{0345A319-3087-4199-959E-F1744EF32A6A}.Release|Any CPU.ActiveCfg = Release|Any CPU
		{0345A319-3087-4199-959E-F1744EF32A6A}.Release|Any CPU.Build.0 = Release|Any CPU
	EndGlobalSection
	GlobalSection(SolutionProperties) = preSolution
		HideSolutionNode = FALSE
	EndGlobalSection
	GlobalSection(ExtensibilityGlobals) = postSolution
		SolutionGuid = {85D48145-1899-4277-A2EC-521020BD51B6}
	EndGlobalSection
EndGlobal
